
Microsoft Visual Studio Solution File, Format Version 12.00
# Visual Studio 15
VisualStudioVersion = 15.0.28307.757
MinimumVisualStudioVersion = 10.0.40219.1
Project("{9A19103F-16F7-4668-BE54-9A1E7A4F7556}") = "TestShopping", "TestShopping\TestShopping.csproj", "{FC019575-FF78-4288-B99A-9E1C10ABF8BB}"
EndProject
Project("{FAE04EC0-301F-11D3-BF4B-00C04F79EFBC}") = "ShoppingCart", "ShoppingCart\ShoppingCart.csproj", "{22F4D252-2243-4F68-BA6F-92EF4A31C00D}"
EndProject
Global
	GlobalSection(SolutionConfigurationPlatforms) = preSolution
		Debug|Any CPU = Debug|Any CPU
		Release|Any CPU = Release|Any CPU
	EndGlobalSection
	GlobalSection(ProjectConfigurationPlatforms) = postSolution
		{FC019575-FF78-4288-B99A-9E1C10ABF8BB}.Debug|Any CPU.ActiveCfg = Debug|Any CPU
		{FC019575-FF78-4288-B99A-9E1C10ABF8BB}.Debug|Any CPU.Build.0 = Debug|Any CPU
		{FC019575-FF78-4288-B99A-9E1C10ABF8BB}.Release|Any CPU.ActiveCfg = Release|Any CPU
		{FC019575-FF78-4288-B99A-9E1C10ABF8BB}.Release|Any CPU.Build.0 = Release|Any CPU
		{22F4D252-2243-4F68-BA6F-92EF4A31C00D}.Debug|Any CPU.ActiveCfg = Debug|Any CPU
		{22F4D252-2243-4F68-BA6F-92EF4A31C00D}.Debug|Any CPU.Build.0 = Debug|Any CPU
		{22F4D252-2243-4F68-BA6F-92EF4A31C00D}.Release|Any CPU.ActiveCfg = Release|Any CPU
		{22F4D252-2243-4F68-BA6F-92EF4A31C00D}.Release|Any CPU.Build.0 = Release|Any CPU
	EndGlobalSection
	GlobalSection(SolutionProperties) = preSolution
		HideSolutionNode = FALSE
	EndGlobalSection
	GlobalSection(ExtensibilityGlobals) = postSolution
		SolutionGuid = {58746A8A-7039-4FCE-AB04-27276D99FDE6}
	EndGlobalSection
EndGlobal
